
Microsoft Visual Studio Solution File, Format Version 12.00
# Visual Studio Version 17
VisualStudioVersion = 17.5.33516.290
MinimumVisualStudioVersion = 10.0.40219.1
Project("{9A19103F-16F7-4668-BE54-9A1E7A4F7556}") = "Intro", "Intro\Intro.csproj", "{05107070-DBDA-4EAA-BDA5-7A6BCEABDA92}"
EndProject
Project("{FAE04EC0-301F-11D3-BF4B-00C04F79EFBC}") = "kodlama-io", "kodlama-io\kodlama-io.csproj", "{B192663F-726C-4DDD-BFD7-A905E3703BEA}"
EndProject
Global
	GlobalSection(SolutionConfigurationPlatforms) = preSolution
		Debug|Any CPU = Debug|Any CPU
		Release|Any CPU = Release|Any CPU
	EndGlobalSection
	GlobalSection(ProjectConfigurationPlatforms) = postSolution
		{05107070-DBDA-4EAA-BDA5-7A6BCEABDA92}.Debug|Any CPU.ActiveCfg = Debug|Any CPU
		{05107070-DBDA-4EAA-BDA5-7A6BCEABDA92}.Debug|Any CPU.Build.0 = Debug|Any CPU
		{05107070-DBDA-4EAA-BDA5-7A6BCEABDA92}.Release|Any CPU.ActiveCfg = Release|Any CPU
		{05107070-DBDA-4EAA-BDA5-7A6BCEABDA92}.Release|Any CPU.Build.0 = Release|Any CPU
		{B192663F-726C-4DDD-BFD7-A905E3703BEA}.Debug|Any CPU.ActiveCfg = Debug|Any CPU
		{B192663F-726C-4DDD-BFD7-A905E3703BEA}.Debug|Any CPU.Build.0 = Debug|Any CPU
		{B192663F-726C-4DDD-BFD7-A905E3703BEA}.Release|Any CPU.ActiveCfg = Release|Any CPU
		{B192663F-726C-4DDD-BFD7-A905E3703BEA}.Release|Any CPU.Build.0 = Release|Any CPU
	EndGlobalSection
	GlobalSection(SolutionProperties) = preSolution
		HideSolutionNode = FALSE
	EndGlobalSection
	GlobalSection(ExtensibilityGlobals) = postSolution
		SolutionGuid = {92CDFF65-61B4-41E5-9DDA-2835B1C848CE}
	EndGlobalSection
EndGlobal
